PODS:
  - AmazonChimeSDK-Bitcode (0.22.4):
    - AmazonChimeSDKMedia-Bitcode (~> 0.17.8)
  - AmazonChimeSDKMedia-Bitcode (0.17.8)

DEPENDENCIES:
  - AmazonChimeSDK-Bitcode (~> 0.22.4)

SPEC REPOS:
  trunk:
    - AmazonChimeSDK-Bitcode
    - AmazonChimeSDKMedia-Bitcode

SPEC CHECKSUMS:
  AmazonChimeSDK-Bitcode: 897b2c774f9b270ea82957d924ea51c46c64aab2
  AmazonChimeSDKMedia-Bitcode: 15ccb22779dbf2b81e097412a8bde5a776d12024

PODFILE CHECKSUM: 397b826e00422fbfb406095d41d23f7e4b7f1795

COCOAPODS: 1.11.3
